{
  "name": "Roadmap_mac",
  "lockfileVersion": 2,
  "requires": true,
  "packages": {
    "": {
      "dependencies": {
        "98.css": "^0.1.18"
      }
    },
    "node_modules/98.css": {
      "version": "0.1.18",
      "resolved": "https://registry.npmjs.org/98.css/-/98.css-0.1.18.tgz",
      "integrity": "sha512-I6l22DVVGAeets2KzpWhnbj3vCmP5HrkkZFnN8MhFF0z5yoXLkMM7p5vKCN9ap+Tnb4bFe4kukcMsinpDcnfhQ=="
    }
  },
  "dependencies": {
    "98.css": {
      "version": "0.1.18",
      "resolved": "https://registry.npmjs.org/98.css/-/98.css-0.1.18.tgz",
      "integrity": "sha512-I6l22DVVGAeets2KzpWhnbj3vCmP5HrkkZFnN8MhFF0z5yoXLkMM7p5vKCN9ap+Tnb4bFe4kukcMsinpDcnfhQ=="
    }
  }
}
